
Microsoft Visual Studio Solution File, Format Version 12.00
# Visual Studio 15
VisualStudioVersion = 15.0.28307.1082
MinimumVisualStudioVersion = 10.0.40219.1
Project("{8BC9CEB8-8B4A-11D0-8D11-00A0C91BC942}") = "BasicSpatialisationRTAudio", "BasicSpatialisationRTAudio.vcxproj", "{2787434A-1A5C-46CE-9363-63FB849A8423}"
	ProjectSection(ProjectDependencies) = postProject
		{5DDDEC3B-1D67-4EF1-8143-64ED9DDFD671} = {5DDDEC3B-1D67-4EF1-8143-64ED9DDFD671}
		{BD65F1EB-AF1B-483F-8BF2-08C5AD7E9BC1} = {BD65F1EB-AF1B-483F-8BF2-08C5AD7E9BC1}
		{DB7A1175-0116-4666-9AA1-EDD0F40A1064} = {DB7A1175-0116-4666-9AA1-EDD0F40A1064}
		{E27C6084-EEC6-4E74-8104-4D0D876D20E6} = {E27C6084-EEC6-4E74-8104-4D0D876D20E6}
	EndProjectSection
EndProject
Project("{8BC9CEB8-8B4A-11D0-8D11-00A0C91BC942}") = "libsofa", "..\..\..\3dti_AudioToolkit\3dti_ResourceManager\third_party_libraries\sofacoustics\libsofa\build\win\libsofa.vcxproj", "{BD65F1EB-AF1B-483F-8BF2-08C5AD7E9BC1}"
EndProject
Project("{8BC9CEB8-8B4A-11D0-8D11-00A0C91BC942}") = "3DTI_AudioToolkit", "3DTI_AudioToolkit.vcxproj", "{DB7A1175-0116-4666-9AA1-EDD0F40A1064}"
EndProject
Project("{8BC9CEB8-8B4A-11D0-8D11-00A0C91BC942}") = "3DTI_ResourceManager", "3DTI_ResourceManager.vcxproj", "{E27C6084-EEC6-4E74-8104-4D0D876D20E6}"
EndProject
Project("{8BC9CEB8-8B4A-11D0-8D11-00A0C91BC942}") = "rtaudio", "rtaudio.vcxproj", "{5DDDEC3B-1D67-4EF1-8143-64ED9DDFD671}"
EndProject
Global
	GlobalSection(SolutionConfigurationPlatforms) = preSolution
		Debug|x64 = Debug|x64
		Debug|x86 = Debug|x86
		Release|x64 = Release|x64
		Release|x86 = Release|x86
	EndGlobalSection
	GlobalSection(ProjectConfigurationPlatforms) = postSolution
		{2787434A-1A5C-46CE-9363-63FB849A8423}.Debug|x64.ActiveCfg = Debug|x64
		{2787434A-1A5C-46CE-9363-63FB849A8423}.Debug|x64.Build.0 = Debug|x64
		{2787434A-1A5C-46CE-9363-63FB849A8423}.Debug|x86.ActiveCfg = Debug|Win32
		{2787434A-1A5C-46CE-9363-63FB849A8423}.Debug|x86.Build.0 = Debug|Win32
		{2787434A-1A5C-46CE-9363-63FB849A8423}.Release|x64.ActiveCfg = Release|x64
		{2787434A-1A5C-46CE-9363-63FB849A8423}.Release|x64.Build.0 = Release|x64
		{2787434A-1A5C-46CE-9363-63FB849A8423}.Release|x86.ActiveCfg = Release|Win32
		{2787434A-1A5C-46CE-9363-63FB849A8423}.Release|x86.Build.0 = Release|Win32
		{BD65F1EB-AF1B-483F-8BF2-08C5AD7E9BC1}.Debug|x64.ActiveCfg = Debug|x64
		{BD65F1EB-AF1B-483F-8BF2-08C5AD7E9BC1}.Debug|x64.Build.0 = Debug|x64
		{BD65F1EB-AF1B-483F-8BF2-08C5AD7E9BC1}.Debug|x86.ActiveCfg = Debug|Win32
		{BD65F1EB-AF1B-483F-8BF2-08C5AD7E9BC1}.Debug|x86.Build.0 = Debug|Win32
		{BD65F1EB-AF1B-483F-8BF2-08C5AD7E9BC1}.Release|x64.ActiveCfg = Release|x64
		{BD65F1EB-AF1B-483F-8BF2-08C5AD7E9BC1}.Release|x64.Build.0 = Release|x64
		{BD65F1EB-AF1B-483F-8BF2-08C5AD7E9BC1}.Release|x86.ActiveCfg = Release|Win32
		{BD65F1EB-AF1B-483F-8BF2-08C5AD7E9BC1}.Release|x86.Build.0 = Release|Win32
		{DB7A1175-0116-4666-9AA1-EDD0F40A1064}.Debug|x64.ActiveCfg = Debug|x64
		{DB7A1175-0116-4666-9AA1-EDD0F40A1064}.Debug|x64.Build.0 = Debug|x64
		{DB7A1175-0116-4666-9AA1-EDD0F40A1064}.Debug|x86.ActiveCfg = Debug|Win32
		{DB7A1175-0116-4666-9AA1-EDD0F40A1064}.Debug|x86.Build.0 = Debug|Win32
		{DB7A1175-0116-4666-9AA1-EDD0F40A1064}.Release|x64.ActiveCfg = Release|x64
		{DB7A1175-0116-4666-9AA1-EDD0F40A1064}.Release|x64.Build.0 = Release|x64
		{DB7A1175-0116-4666-9AA1-EDD0F40A1064}.Release|x86.ActiveCfg = Release|Win32
		{DB7A1175-0116-4666-9AA1-EDD0F40A1064}.Release|x86.Build.0 = Release|Win32
		{E27C6084-EEC6-4E74-8104-4D0D876D20E6}.Debug|x64.ActiveCfg = Debug|x64
		{E27C6084-EEC6-4E74-8104-4D0D876D20E6}.Debug|x64.Build.0 = Debug|x64
		{E27C6084-EEC6-4E74-8104-4D0D876D20E6}.Debug|x86.ActiveCfg = Debug|Win32
		{E27C6084-EEC6-4E74-8104-4D0D876D20E6}.Debug|x86.Build.0 = Debug|Win32
		{E27C6084-EEC6-4E74-8104-4D0D876D20E6}.Release|x64.ActiveCfg = Release|x64
		{E27C6084-EEC6-4E74-8104-4D0D876D20E6}.Release|x64.Build.0 = Release|x64
		{E27C6084-EEC6-4E74-8104-4D0D876D20E6}.Release|x86.ActiveCfg = Release|Win32
		{E27C6084-EEC6-4E74-8104-4D0D876D20E6}.Release|x86.Build.0 = Release|Win32
		{5DDDEC3B-1D67-4EF1-8143-64ED9DDFD671}.Debug|x64.ActiveCfg = Debug|x64
		{5DDDEC3B-1D67-4EF1-8143-64ED9DDFD671}.Debug|x64.Build.0 = Debug|x64
		{5DDDEC3B-1D67-4EF1-8143-64ED9DDFD671}.Debug|x86.ActiveCfg = Debug|x86
		{5DDDEC3B-1D67-4EF1-8143-64ED9DDFD671}.Debug|x86.Build.0 = Debug|x86
		{5DDDEC3B-1D67-4EF1-8143-64ED9DDFD671}.Release|x64.ActiveCfg = Release|x64
		{5DDDEC3B-1D67-4EF1-8143-64ED9DDFD671}.Release|x64.Build.0 = Release|x64
		{5DDDEC3B-1D67-4EF1-8143-64ED9DDFD671}.Release|x86.ActiveCfg = Release|x86
		{5DDDEC3B-1D67-4EF1-8143-64ED9DDFD671}.Release|x86.Build.0 = Release|x86
	EndGlobalSection
	GlobalSection(SolutionProperties) = preSolution
		HideSolutionNode = FALSE
	EndGlobalSection
	GlobalSection(ExtensibilityGlobals) = postSolution
		SolutionGuid = {A6877AAF-3BE0-451F-BE74-049BE7DE18C9}
	EndGlobalSection
EndGlobal
