
Microsoft Visual Studio Solution File, Format Version 12.00
# Visual Studio Version 16
VisualStudioVersion = 16.0.30011.22
MinimumVisualStudioVersion = 10.0.40219.1
Project("{8BC9CEB8-8B4A-11D0-8D11-00A0C91BC942}") = "asiosample", "..\driver\asiosample\asiosample\asiosample.vcxproj", "{B569946F-08A6-47DB-908F-09500CDC1808}"
EndProject
Project("{8BC9CEB8-8B4A-11D0-8D11-00A0C91BC942}") = "hostsample", "..\host\sample\hostsample.vcxproj", "{702E2B93-735C-4FD3-925C-C6A893228E4C}"
EndProject
Global
	GlobalSection(SolutionConfigurationPlatforms) = preSolution
		Debug|x86 = Debug|x86
		Release|x86 = Release|x86
		Template|x86 = Template|x86
	EndGlobalSection
	GlobalSection(ProjectConfigurationPlatforms) = postSolution
		{B569946F-08A6-47DB-908F-09500CDC1808}.Debug|x86.ActiveCfg = Debug|Win32
		{B569946F-08A6-47DB-908F-09500CDC1808}.Debug|x86.Build.0 = Debug|Win32
		{B569946F-08A6-47DB-908F-09500CDC1808}.Release|x86.ActiveCfg = Release|Win32
		{B569946F-08A6-47DB-908F-09500CDC1808}.Release|x86.Build.0 = Release|Win32
		{B569946F-08A6-47DB-908F-09500CDC1808}.Template|x86.ActiveCfg = Release|Win32
		{B569946F-08A6-47DB-908F-09500CDC1808}.Template|x86.Build.0 = Release|Win32
		{702E2B93-735C-4FD3-925C-C6A893228E4C}.Debug|x86.ActiveCfg = Debug|Win32
		{702E2B93-735C-4FD3-925C-C6A893228E4C}.Debug|x86.Build.0 = Debug|Win32
		{702E2B93-735C-4FD3-925C-C6A893228E4C}.Release|x86.ActiveCfg = Release|Win32
		{702E2B93-735C-4FD3-925C-C6A893228E4C}.Release|x86.Build.0 = Release|Win32
		{702E2B93-735C-4FD3-925C-C6A893228E4C}.Template|x86.ActiveCfg = Template|Win32
		{702E2B93-735C-4FD3-925C-C6A893228E4C}.Template|x86.Build.0 = Template|Win32
	EndGlobalSection
	GlobalSection(SolutionProperties) = preSolution
		HideSolutionNode = FALSE
	EndGlobalSection
	GlobalSection(ExtensibilityGlobals) = postSolution
		SolutionGuid = {A78FCCA1-A5F3-4A01-9720-A6FEF26FACDC}
	EndGlobalSection
EndGlobal
