<?xml version="1.0" encoding="utf-8"?>
<Project ToolsVersion="4.0" xmlns="http://schemas.microsoft.com/developer/msbuild/2003">
  <ItemGroup>
    <Filter Include="Source Files">
      <UniqueIdentifier>{f34fad78-a796-4a84-a553-059e766a7fcd}</UniqueIdentifier>
      <Extensions>cpp;c;cxx;rc;def;r;odl;idl;hpj;bat</Extensions>
    </Filter>
    <Filter Include="Source Files\common">
      <UniqueIdentifier>{ee009003-3676-4616-97de-08cb4a9591b8}</UniqueIdentifier>
    </Filter>
    <Filter Include="Source Files\hostapi">
      <UniqueIdentifier>{8f10afbd-6390-479c-a9a8-d258ea539d04}</UniqueIdentifier>
    </Filter>
    <Filter Include="Source Files\hostapi\ASIO">
      <UniqueIdentifier>{41bd0a5c-a8bf-463b-86c5-506990e73c55}</UniqueIdentifier>
    </Filter>
    <Filter Include="Source Files\hostapi\ASIO\ASIOSDK">
      <UniqueIdentifier>{39326eae-2822-42b8-8915-40767a7bbc28}</UniqueIdentifier>
    </Filter>
    <Filter Include="Source Files\hostapi\dsound">
      <UniqueIdentifier>{268b6d53-a0af-4cee-b397-3605132715dc}</UniqueIdentifier>
    </Filter>
    <Filter Include="Source Files\hostapi\wmme">
      <UniqueIdentifier>{dfeb62f8-e367-4473-a570-28abb6e50d9e}</UniqueIdentifier>
    </Filter>
    <Filter Include="Source Files\hostapi\wasapi">
      <UniqueIdentifier>{1ccd03d4-fe65-4265-b2eb-0d64f1c5acf2}</UniqueIdentifier>
    </Filter>
    <Filter Include="Source Files\hostapi\wdmks">
      <UniqueIdentifier>{93ce1dd3-ba56-4f55-b58b-1d3856eca292}</UniqueIdentifier>
    </Filter>
    <Filter Include="Source Files\os">
      <UniqueIdentifier>{88c08a99-0ba3-4ce0-a383-890057a71b8e}</UniqueIdentifier>
    </Filter>
    <Filter Include="Source Files\os\win">
      <UniqueIdentifier>{5625774c-03e8-453d-88ae-d7e25e5eeb3e}</UniqueIdentifier>
    </Filter>
    <Filter Include="Resource Files">
      <UniqueIdentifier>{8fd062db-05f1-4001-8df7-253fa93b8288}</UniqueIdentifier>
      <Extensions>ico;cur;bmp;dlg;rc2;rct;bin;rgs;gif;jpg;jpeg;jpe</Extensions>
    </Filter>
    <Filter Include="Header Files">
      <UniqueIdentifier>{4ac67185-2f03-483c-a2b0-2b07b8df57db}</UniqueIdentifier>
      <Extensions>h;hpp;hxx;hm;inl</Extensions>
    </Filter>
  </ItemGroup>
  <ItemGroup>
    <ClCompile Include="..\..\..\third_party_libraries\portaudio\src\common\pa_allocation.c">
      <Filter>Source Files\common</Filter>
    </ClCompile>
    <ClCompile Include="..\..\..\third_party_libraries\portaudio\src\common\pa_converters.c">
      <Filter>Source Files\common</Filter>
    </ClCompile>
    <ClCompile Include="..\..\..\third_party_libraries\portaudio\src\common\pa_cpuload.c">
      <Filter>Source Files\common</Filter>
    </ClCompile>
    <ClCompile Include="..\..\..\third_party_libraries\portaudio\src\common\pa_debugprint.c">
      <Filter>Source Files\common</Filter>
    </ClCompile>
    <ClCompile Include="..\..\..\third_party_libraries\portaudio\src\common\pa_dither.c">
      <Filter>Source Files\common</Filter>
    </ClCompile>
    <ClCompile Include="..\..\..\third_party_libraries\portaudio\src\common\pa_front.c">
      <Filter>Source Files\common</Filter>
    </ClCompile>
    <ClCompile Include="..\..\..\third_party_libraries\portaudio\src\hostapi\skeleton\pa_hostapi_skeleton.c">
      <Filter>Source Files\common</Filter>
    </ClCompile>
    <ClCompile Include="..\..\..\third_party_libraries\portaudio\src\common\pa_process.c">
      <Filter>Source Files\common</Filter>
    </ClCompile>
    <ClCompile Include="..\..\..\third_party_libraries\portaudio\src\common\pa_ringbuffer.c">
      <Filter>Source Files\common</Filter>
    </ClCompile>
    <ClCompile Include="..\..\..\third_party_libraries\portaudio\src\common\pa_stream.c">
      <Filter>Source Files\common</Filter>
    </ClCompile>
    <ClCompile Include="..\..\..\third_party_libraries\portaudio\src\common\pa_trace.c">
      <Filter>Source Files\common</Filter>
    </ClCompile>
    <ClCompile Include="..\..\..\third_party_libraries\portaudio\src\hostapi\asio\pa_asio.cpp">
      <Filter>Source Files\hostapi\ASIO</Filter>
    </ClCompile>
    <ClCompile Include="..\..\..\third_party_libraries\portaudio\src\hostapi\asio\ASIOSDK\common\asio.cpp">
      <Filter>Source Files\hostapi\ASIO\ASIOSDK</Filter>
    </ClCompile>
    <ClCompile Include="..\..\..\third_party_libraries\portaudio\src\hostapi\asio\ASIOSDK\host\asiodrivers.cpp">
      <Filter>Source Files\hostapi\ASIO\ASIOSDK</Filter>
    </ClCompile>
    <ClCompile Include="..\..\..\third_party_libraries\portaudio\src\hostapi\asio\ASIOSDK\host\pc\asiolist.cpp">
      <Filter>Source Files\hostapi\ASIO\ASIOSDK</Filter>
    </ClCompile>
    <ClCompile Include="..\..\..\third_party_libraries\portaudio\src\hostapi\dsound\pa_win_ds.c">
      <Filter>Source Files\hostapi\dsound</Filter>
    </ClCompile>
    <ClCompile Include="..\..\..\third_party_libraries\portaudio\src\hostapi\dsound\pa_win_ds_dynlink.c">
      <Filter>Source Files\hostapi\dsound</Filter>
    </ClCompile>
    <ClCompile Include="..\..\..\third_party_libraries\portaudio\src\hostapi\wmme\pa_win_wmme.c">
      <Filter>Source Files\hostapi\wmme</Filter>
    </ClCompile>
    <ClCompile Include="..\..\..\third_party_libraries\portaudio\src\hostapi\wasapi\pa_win_wasapi.c">
      <Filter>Source Files\hostapi\wasapi</Filter>
    </ClCompile>
    <ClCompile Include="..\..\..\third_party_libraries\portaudio\src\hostapi\wdmks\pa_win_wdmks.c">
      <Filter>Source Files\hostapi\wdmks</Filter>
    </ClCompile>
    <ClCompile Include="..\..\..\third_party_libraries\portaudio\src\os\win\pa_win_coinitialize.c">
      <Filter>Source Files\os\win</Filter>
    </ClCompile>
    <ClCompile Include="..\..\..\third_party_libraries\portaudio\src\os\win\pa_win_hostapis.c">
      <Filter>Source Files\os\win</Filter>
    </ClCompile>
    <ClCompile Include="..\..\..\third_party_libraries\portaudio\src\os\win\pa_win_util.c">
      <Filter>Source Files\os\win</Filter>
    </ClCompile>
    <ClCompile Include="..\..\..\third_party_libraries\portaudio\src\os\win\pa_win_waveformat.c">
      <Filter>Source Files\os\win</Filter>
    </ClCompile>
    <ClCompile Include="..\..\..\third_party_libraries\portaudio\src\os\win\pa_win_wdmks_utils.c">
      <Filter>Source Files\os\win</Filter>
    </ClCompile>
    <ClCompile Include="..\..\..\third_party_libraries\portaudio\src\os\win\pa_x86_plain_converters.c">
      <Filter>Source Files\os\win</Filter>
    </ClCompile>
  </ItemGroup>
  <ItemGroup>
    <None Include="portaudio.def">
      <Filter>Source Files</Filter>
    </None>
  </ItemGroup>
  <ItemGroup>
    <ClInclude Include="..\..\..\third_party_libraries\portaudio\include\pa_asio.h">
      <Filter>Header Files</Filter>
    </ClInclude>
    <ClInclude Include="..\..\..\third_party_libraries\portaudio\include\pa_win_ds.h">
      <Filter>Header Files</Filter>
    </ClInclude>
    <ClInclude Include="..\..\..\third_party_libraries\portaudio\include\pa_win_wasapi.h">
      <Filter>Header Files</Filter>
    </ClInclude>
    <ClInclude Include="..\..\..\third_party_libraries\portaudio\include\pa_win_waveformat.h">
      <Filter>Header Files</Filter>
    </ClInclude>
    <ClInclude Include="..\..\..\third_party_libraries\portaudio\include\pa_win_wmme.h">
      <Filter>Header Files</Filter>
    </ClInclude>
    <ClInclude Include="..\..\..\third_party_libraries\portaudio\include\portaudio.h">
      <Filter>Header Files</Filter>
    </ClInclude>
  </ItemGroup>
</Project>