<?xml version="1.0" encoding="utf-8"?>
<Project ToolsVersion="4.0" xmlns="http://schemas.microsoft.com/developer/msbuild/2003">
  <ItemGroup>
    <ClCompile Include="..\..\3dti_AudioToolkit\3dti_ResourceManager\BRIR\BRIRCereal.cpp" />
    <ClCompile Include="..\..\3dti_AudioToolkit\3dti_ResourceManager\BRIR\BRIRFactory.cpp" />
    <ClCompile Include="..\..\3dti_AudioToolkit\3dti_ResourceManager\HRTF\HRTFCereal.cpp" />
    <ClCompile Include="..\..\3dti_AudioToolkit\3dti_ResourceManager\HRTF\HRTFFactory.cpp" />
    <ClCompile Include="..\..\3dti_AudioToolkit\3dti_ResourceManager\ILD\ILDCereal.cpp" />
  </ItemGroup>
  <ItemGroup>
    <ClInclude Include="..\..\3dti_AudioToolkit\3dti_ResourceManager\BRIR\BRIRCereal.h" />
    <ClInclude Include="..\..\3dti_AudioToolkit\3dti_ResourceManager\BRIR\BRIRFactory.h" />
    <ClInclude Include="..\..\3dti_AudioToolkit\3dti_ResourceManager\HRTF\HRTFCereal.h" />
    <ClInclude Include="..\..\3dti_AudioToolkit\3dti_ResourceManager\HRTF\HRTFFactory.h" />
    <ClInclude Include="..\..\3dti_AudioToolkit\3dti_ResourceManager\ILD\ILDCereal.h" />
  </ItemGroup>
</Project>