// !$*UTF8*$!
{
	archiveVersion = 1;
	classes = {
	};
	objectVersion = 50;
	objects = {

/* Begin PBXBuildFile section */
		AF5561D921875884000089DB /* BasicSpatialisationRTAudio.cpp in Sources */ = {isa = PBXBuildFile; fileRef = AF5561D721875883000089DB /* BasicSpatialisationRTAudio.cpp */; };
		AF5561E521875A8B000089DB /* Core.cpp in Sources */ = {isa = PBXBuildFile; fileRef = AF5561DD21875A8A000089DB /* Core.cpp */; };
		AF5561E621875A8B000089DB /* Environment.cpp in Sources */ = {isa = PBXBuildFile; fileRef = AF5561DE21875A8A000089DB /* Environment.cpp */; };
		AF5561E721875A8B000089DB /* UPCAnechoic.cpp in Sources */ = {isa = PBXBuildFile; fileRef = AF5561DF21875A8A000089DB /* UPCAnechoic.cpp */; };
		AF5561E821875A8B000089DB /* HRTF.cpp in Sources */ = {isa = PBXBuildFile; fileRef = AF5561E021875A8A000089DB /* HRTF.cpp */; };
		AF5561E921875A8B000089DB /* SingleSourceDSP.cpp in Sources */ = {isa = PBXBuildFile; fileRef = AF5561E121875A8A000089DB /* SingleSourceDSP.cpp */; };
		AF5561EA21875A8B000089DB /* ILD.cpp in Sources */ = {isa = PBXBuildFile; fileRef = AF5561E221875A8B000089DB /* ILD.cpp */; };
		AF5561EB21875A8B000089DB /* BRIR.cpp in Sources */ = {isa = PBXBuildFile; fileRef = AF5561E321875A8B000089DB /* BRIR.cpp */; };
		AF5561EC21875A8B000089DB /* Listener.cpp in Sources */ = {isa = PBXBuildFile; fileRef = AF5561E421875A8B000089DB /* Listener.cpp */; };
		AF55620121875AC7000089DB /* FiltersBank.cpp in Sources */ = {isa = PBXBuildFile; fileRef = AF5561ED21875AC2000089DB /* FiltersBank.cpp */; };
		AF55620221875AC7000089DB /* BiquadFilter.cpp in Sources */ = {isa = PBXBuildFile; fileRef = AF5561EE21875AC2000089DB /* BiquadFilter.cpp */; };
		AF55620321875AC7000089DB /* Quaternion.cpp in Sources */ = {isa = PBXBuildFile; fileRef = AF5561EF21875AC3000089DB /* Quaternion.cpp */; };
		AF55620421875AC7000089DB /* Vector3.cpp in Sources */ = {isa = PBXBuildFile; fileRef = AF5561F021875AC3000089DB /* Vector3.cpp */; };
		AF55620521875AC7000089DB /* DynamicExpanderMono.cpp in Sources */ = {isa = PBXBuildFile; fileRef = AF5561F121875AC3000089DB /* DynamicExpanderMono.cpp */; };
		AF55620621875AC7000089DB /* Profiler.cpp in Sources */ = {isa = PBXBuildFile; fileRef = AF5561F221875AC3000089DB /* Profiler.cpp */; };
		AF55620721875AC7000089DB /* DynamicCompressorStereo.cpp in Sources */ = {isa = PBXBuildFile; fileRef = AF5561F321875AC4000089DB /* DynamicCompressorStereo.cpp */; };
		AF55620821875AC7000089DB /* DynamicCompressorMono.cpp in Sources */ = {isa = PBXBuildFile; fileRef = AF5561F421875AC4000089DB /* DynamicCompressorMono.cpp */; };
		AF55620921875AC7000089DB /* Delay.cpp in Sources */ = {isa = PBXBuildFile; fileRef = AF5561F521875AC4000089DB /* Delay.cpp */; };
		AF55620A21875AC7000089DB /* ErrorHandler.cpp in Sources */ = {isa = PBXBuildFile; fileRef = AF5561F621875AC4000089DB /* ErrorHandler.cpp */; };
		AF55620B21875AC7000089DB /* DistanceAttenuator.cpp in Sources */ = {isa = PBXBuildFile; fileRef = AF5561F721875AC5000089DB /* DistanceAttenuator.cpp */; };
		AF55620C21875AC7000089DB /* fftsg.cpp in Sources */ = {isa = PBXBuildFile; fileRef = AF5561F821875AC5000089DB /* fftsg.cpp */; };
		AF55620D21875AC7000089DB /* Magnitudes.cpp in Sources */ = {isa = PBXBuildFile; fileRef = AF5561F921875AC5000089DB /* Magnitudes.cpp */; };
		AF55620E21875AC7000089DB /* Fprocessor.cpp in Sources */ = {isa = PBXBuildFile; fileRef = AF5561FA21875AC5000089DB /* Fprocessor.cpp */; };
		AF55620F21875AC7000089DB /* FarDistanceEffects.cpp in Sources */ = {isa = PBXBuildFile; fileRef = AF5561FB21875AC6000089DB /* FarDistanceEffects.cpp */; };
		AF55621021875AC7000089DB /* EnvelopeDetector.cpp in Sources */ = {isa = PBXBuildFile; fileRef = AF5561FC21875AC6000089DB /* EnvelopeDetector.cpp */; };
		AF55621121875AC7000089DB /* FiltersChain.cpp in Sources */ = {isa = PBXBuildFile; fileRef = AF5561FD21875AC6000089DB /* FiltersChain.cpp */; };
		AF55621221875AC7000089DB /* NoiseGenerator.cpp in Sources */ = {isa = PBXBuildFile; fileRef = AF5561FE21875AC6000089DB /* NoiseGenerator.cpp */; };
		AF55621321875AC7000089DB /* Transform.cpp in Sources */ = {isa = PBXBuildFile; fileRef = AF5561FF21875AC7000089DB /* Transform.cpp */; };
		AF55621421875AC7000089DB /* UPCEnvironment.cpp in Sources */ = {isa = PBXBuildFile; fileRef = AF55620021875AC7000089DB /* UPCEnvironment.cpp */; };
		AF55621E21875AF6000089DB /* ClassificationScaleHL.cpp in Sources */ = {isa = PBXBuildFile; fileRef = AF55621521875AF3000089DB /* ClassificationScaleHL.cpp */; };
		AF55621F21875AF6000089DB /* HearingAidSim.cpp in Sources */ = {isa = PBXBuildFile; fileRef = AF55621621875AF4000089DB /* HearingAidSim.cpp */; };
		AF55622021875AF6000089DB /* TemporalDistortionSimulator.cpp in Sources */ = {isa = PBXBuildFile; fileRef = AF55621721875AF4000089DB /* TemporalDistortionSimulator.cpp */; };
		AF55622121875AF6000089DB /* Fig6Algorithm.cpp in Sources */ = {isa = PBXBuildFile; fileRef = AF55621821875AF4000089DB /* Fig6Algorithm.cpp */; };
		AF55622221875AF6000089DB /* HearingLossSim.cpp in Sources */ = {isa = PBXBuildFile; fileRef = AF55621921875AF4000089DB /* HearingLossSim.cpp */; };
		AF55622321875AF6000089DB /* MultibandExpander.cpp in Sources */ = {isa = PBXBuildFile; fileRef = AF55621A21875AF5000089DB /* MultibandExpander.cpp */; };
		AF55622421875AF6000089DB /* DynamicEqualizer.cpp in Sources */ = {isa = PBXBuildFile; fileRef = AF55621B21875AF5000089DB /* DynamicEqualizer.cpp */; };
		AF55622521875AF6000089DB /* FrequencySmearing.cpp in Sources */ = {isa = PBXBuildFile; fileRef = AF55621C21875AF5000089DB /* FrequencySmearing.cpp */; };
		AF55622621875AF6000089DB /* HighOrderButteworthFilter.cpp in Sources */ = {isa = PBXBuildFile; fileRef = AF55621D21875AF5000089DB /* HighOrderButteworthFilter.cpp */; };
		AF55622921875B4E000089DB /* RtAudio.cpp in Sources */ = {isa = PBXBuildFile; fileRef = AF55622721875B4E000089DB /* RtAudio.cpp */; };
		AF55622A21875B4E000089DB /* rtaudio_c.cpp in Sources */ = {isa = PBXBuildFile; fileRef = AF55622821875B4E000089DB /* rtaudio_c.cpp */; };
		AF55622D21875B68000089DB /* BRIRCereal.cpp in Sources */ = {isa = PBXBuildFile; fileRef = AF55622B21875B68000089DB /* BRIRCereal.cpp */; };
		AF55622E21875B68000089DB /* BRIRFactory.cpp in Sources */ = {isa = PBXBuildFile; fileRef = AF55622C21875B68000089DB /* BRIRFactory.cpp */; };
		AF55623221875BB1000089DB /* HRTFCereal.cpp in Sources */ = {isa = PBXBuildFile; fileRef = AF55622F21875BB0000089DB /* HRTFCereal.cpp */; };
		AF55623321875BB1000089DB /* HRTFFactory.cpp in Sources */ = {isa = PBXBuildFile; fileRef = AF55623021875BB1000089DB /* HRTFFactory.cpp */; };
		AF55623421875BB1000089DB /* ILDCereal.cpp in Sources */ = {isa = PBXBuildFile; fileRef = AF55623121875BB1000089DB /* ILDCereal.cpp */; };
		AF55623921876BD6000089DB /* CoreAudio.framework in Frameworks */ = {isa = PBXBuildFile; fileRef = AF55623821876BD5000089DB /* CoreAudio.framework */; };
		AF55623B21876BDF000089DB /* CoreFoundation.framework in Frameworks */ = {isa = PBXBuildFile; fileRef = AF55623A21876BDF000089DB /* CoreFoundation.framework */; };
/* End PBXBuildFile section */

/* Begin PBXCopyFilesBuildPhase section */
		AF556235218764FF000089DB /* CopyFiles */ = {
			isa = PBXCopyFilesBuildPhase;
			buildActionMask = 2147483647;
			dstPath = "";
			dstSubfolderSpec = 0;
			files = (
			);
			runOnlyForDeploymentPostprocessing = 0;
		};
/* End PBXCopyFilesBuildPhase section */

/* Begin PBXFileReference section */
		AF5561A321874FBF000089DB /* Example */ = {isa = PBXFileReference; explicitFileType = "compiled.mach-o.executable"; includeInIndex = 0; path = Example; sourceTree = BUILT_PRODUCTS_DIR; };
		AF5561AF218750B6000089DB /* Project.Release.xcconfig */ = {isa = PBXFileReference; fileEncoding = 4; lastKnownFileType = text.xcconfig; path = Project.Release.xcconfig; sourceTree = "<group>"; };
		AF5561B0218750B6000089DB /* Project.Debug.xcconfig */ = {isa = PBXFileReference; fileEncoding = 4; lastKnownFileType = text.xcconfig; path = Project.Debug.xcconfig; sourceTree = "<group>"; };
		AF5561D42187557D000089DB /* rtaudio */ = {isa = PBXFileReference; lastKnownFileType = folder; name = rtaudio; path = ../../../third_party_libraries/rtaudio; sourceTree = "<group>"; };
		AF5561D5218755B5000089DB /* 3dti_Toolkit */ = {isa = PBXFileReference; lastKnownFileType = folder; name = 3dti_Toolkit; path = ../../../../3dti_AudioToolkit/3dti_Toolkit; sourceTree = "<group>"; };
		AF5561D6218755D0000089DB /* 3dti_ResourceManager */ = {isa = PBXFileReference; lastKnownFileType = folder; name = 3dti_ResourceManager; path = ../../../../3dti_AudioToolkit/3dti_ResourceManager; sourceTree = "<group>"; };
		AF5561D721875883000089DB /* BasicSpatialisationRTAudio.cpp */ = {isa = PBXFileReference; fileEncoding = 4; lastKnownFileType = sourcecode.cpp.cpp; name = BasicSpatialisationRTAudio.cpp; path = ../../../../src/BasicSpatialisationRTAudio.cpp; sourceTree = "<group>"; };
		AF5561D821875884000089DB /* BasicSpatialisationRTAudio.h */ = {isa = PBXFileReference; fileEncoding = 4; lastKnownFileType = sourcecode.c.h; name = BasicSpatialisationRTAudio.h; path = ../../../../src/BasicSpatialisationRTAudio.h; sourceTree = "<group>"; };
		AF5561DD21875A8A000089DB /* Core.cpp */ = {isa = PBXFileReference; lastKnownFileType = sourcecode.cpp.cpp; name = Core.cpp; path = ../../../../3dti_AudioToolkit/3dti_Toolkit/BinauralSpatializer/Core.cpp; sourceTree = "<group>"; };
		AF5561DE21875A8A000089DB /* Environment.cpp */ = {isa = PBXFileReference; lastKnownFileType = sourcecode.cpp.cpp; name = Environment.cpp; path = ../../../../3dti_AudioToolkit/3dti_Toolkit/BinauralSpatializer/Environment.cpp; sourceTree = "<group>"; };
		AF5561DF21875A8A000089DB /* UPCAnechoic.cpp */ = {isa = PBXFileReference; lastKnownFileType = sourcecode.cpp.cpp; name = UPCAnechoic.cpp; path = ../../../../3dti_AudioToolkit/3dti_Toolkit/BinauralSpatializer/UPCAnechoic.cpp; sourceTree = "<group>"; };
		AF5561E021875A8A000089DB /* HRTF.cpp */ = {isa = PBXFileReference; lastKnownFileType = sourcecode.cpp.cpp; name = HRTF.cpp; path = ../../../../3dti_AudioToolkit/3dti_Toolkit/BinauralSpatializer/HRTF.cpp; sourceTree = "<group>"; };
		AF5561E121875A8A000089DB /* SingleSourceDSP.cpp */ = {isa = PBXFileReference; lastKnownFileType = sourcecode.cpp.cpp; name = SingleSourceDSP.cpp; path = ../../../../3dti_AudioToolkit/3dti_Toolkit/BinauralSpatializer/SingleSourceDSP.cpp; sourceTree = "<group>"; };
		AF5561E221875A8B000089DB /* ILD.cpp */ = {isa = PBXFileReference; lastKnownFileType = sourcecode.cpp.cpp; name = ILD.cpp; path = ../../../../3dti_AudioToolkit/3dti_Toolkit/BinauralSpatializer/ILD.cpp; sourceTree = "<group>"; };
		AF5561E321875A8B000089DB /* BRIR.cpp */ = {isa = PBXFileReference; lastKnownFileType = sourcecode.cpp.cpp; name = BRIR.cpp; path = ../../../../3dti_AudioToolkit/3dti_Toolkit/BinauralSpatializer/BRIR.cpp; sourceTree = "<group>"; };
		AF5561E421875A8B000089DB /* Listener.cpp */ = {isa = PBXFileReference; lastKnownFileType = sourcecode.cpp.cpp; name = Listener.cpp; path = ../../../../3dti_AudioToolkit/3dti_Toolkit/BinauralSpatializer/Listener.cpp; sourceTree = "<group>"; };
		AF5561ED21875AC2000089DB /* FiltersBank.cpp */ = {isa = PBXFileReference; lastKnownFileType = sourcecode.cpp.cpp; name = FiltersBank.cpp; path = ../../../../3dti_AudioToolkit/3dti_Toolkit/Common/FiltersBank.cpp; sourceTree = "<group>"; };
		AF5561EE21875AC2000089DB /* BiquadFilter.cpp */ = {isa = PBXFileReference; lastKnownFileType = sourcecode.cpp.cpp; name = BiquadFilter.cpp; path = ../../../../3dti_AudioToolkit/3dti_Toolkit/Common/BiquadFilter.cpp; sourceTree = "<group>"; };
		AF5561EF21875AC3000089DB /* Quaternion.cpp */ = {isa = PBXFileReference; lastKnownFileType = sourcecode.cpp.cpp; name = Quaternion.cpp; path = ../../../../3dti_AudioToolkit/3dti_Toolkit/Common/Quaternion.cpp; sourceTree = "<group>"; };
		AF5561F021875AC3000089DB /* Vector3.cpp */ = {isa = PBXFileReference; lastKnownFileType = sourcecode.cpp.cpp; name = Vector3.cpp; path = ../../../../3dti_AudioToolkit/3dti_Toolkit/Common/Vector3.cpp; sourceTree = "<group>"; };
		AF5561F121875AC3000089DB /* DynamicExpanderMono.cpp */ = {isa = PBXFileReference; lastKnownFileType = sourcecode.cpp.cpp; name = DynamicExpanderMono.cpp; path = ../../../../3dti_AudioToolkit/3dti_Toolkit/Common/DynamicExpanderMono.cpp; sourceTree = "<group>"; };
		AF5561F221875AC3000089DB /* Profiler.cpp */ = {isa = PBXFileReference; lastKnownFileType = sourcecode.cpp.cpp; name = Profiler.cpp; path = ../../../../3dti_AudioToolkit/3dti_Toolkit/Common/Profiler.cpp; sourceTree = "<group>"; };
		AF5561F321875AC4000089DB /* DynamicCompressorStereo.cpp */ = {isa = PBXFileReference; lastKnownFileType = sourcecode.cpp.cpp; name = DynamicCompressorStereo.cpp; path = ../../../../3dti_AudioToolkit/3dti_Toolkit/Common/DynamicCompressorStereo.cpp; sourceTree = "<group>"; };
		AF5561F421875AC4000089DB /* DynamicCompressorMono.cpp */ = {isa = PBXFileReference; lastKnownFileType = sourcecode.cpp.cpp; name = DynamicCompressorMono.cpp; path = ../../../../3dti_AudioToolkit/3dti_Toolkit/Common/DynamicCompressorMono.cpp; sourceTree = "<group>"; };
		AF5561F521875AC4000089DB /* Delay.cpp */ = {isa = PBXFileReference; lastKnownFileType = sourcecode.cpp.cpp; name = Delay.cpp; path = ../../../../3dti_AudioToolkit/3dti_Toolkit/Common/Delay.cpp; sourceTree = "<group>"; };
		AF5561F621875AC4000089DB /* ErrorHandler.cpp */ = {isa = PBXFileReference; lastKnownFileType = sourcecode.cpp.cpp; name = ErrorHandler.cpp; path = ../../../../3dti_AudioToolkit/3dti_Toolkit/Common/ErrorHandler.cpp; sourceTree = "<group>"; };
		AF5561F721875AC5000089DB /* DistanceAttenuator.cpp */ = {isa = PBXFileReference; lastKnownFileType = sourcecode.cpp.cpp; name = DistanceAttenuator.cpp; path = ../../../../3dti_AudioToolkit/3dti_Toolkit/Common/DistanceAttenuator.cpp; sourceTree = "<group>"; };
		AF5561F821875AC5000089DB /* fftsg.cpp */ = {isa = PBXFileReference; lastKnownFileType = sourcecode.cpp.cpp; name = fftsg.cpp; path = ../../../../3dti_AudioToolkit/3dti_Toolkit/Common/fftsg.cpp; sourceTree = "<group>"; };
		AF5561F921875AC5000089DB /* Magnitudes.cpp */ = {isa = PBXFileReference; lastKnownFileType = sourcecode.cpp.cpp; name = Magnitudes.cpp; path = ../../../../3dti_AudioToolkit/3dti_Toolkit/Common/Magnitudes.cpp; sourceTree = "<group>"; };
		AF5561FA21875AC5000089DB /* Fprocessor.cpp */ = {isa = PBXFileReference; lastKnownFileType = sourcecode.cpp.cpp; name = Fprocessor.cpp; path = ../../../../3dti_AudioToolkit/3dti_Toolkit/Common/Fprocessor.cpp; sourceTree = "<group>"; };
		AF5561FB21875AC6000089DB /* FarDistanceEffects.cpp */ = {isa = PBXFileReference; lastKnownFileType = sourcecode.cpp.cpp; name = FarDistanceEffects.cpp; path = ../../../../3dti_AudioToolkit/3dti_Toolkit/Common/FarDistanceEffects.cpp; sourceTree = "<group>"; };
		AF5561FC21875AC6000089DB /* EnvelopeDetector.cpp */ = {isa = PBXFileReference; lastKnownFileType = sourcecode.cpp.cpp; name = EnvelopeDetector.cpp; path = ../../../../3dti_AudioToolkit/3dti_Toolkit/Common/EnvelopeDetector.cpp; sourceTree = "<group>"; };
		AF5561FD21875AC6000089DB /* FiltersChain.cpp */ = {isa = PBXFileReference; lastKnownFileType = sourcecode.cpp.cpp; name = FiltersChain.cpp; path = ../../../../3dti_AudioToolkit/3dti_Toolkit/Common/FiltersChain.cpp; sourceTree = "<group>"; };
		AF5561FE21875AC6000089DB /* NoiseGenerator.cpp */ = {isa = PBXFileReference; lastKnownFileType = sourcecode.cpp.cpp; name = NoiseGenerator.cpp; path = ../../../../3dti_AudioToolkit/3dti_Toolkit/Common/NoiseGenerator.cpp; sourceTree = "<group>"; };
		AF5561FF21875AC7000089DB /* Transform.cpp */ = {isa = PBXFileReference; lastKnownFileType = sourcecode.cpp.cpp; name = Transform.cpp; path = ../../../../3dti_AudioToolkit/3dti_Toolkit/Common/Transform.cpp; sourceTree = "<group>"; };
		AF55620021875AC7000089DB /* UPCEnvironment.cpp */ = {isa = PBXFileReference; lastKnownFileType = sourcecode.cpp.cpp; name = UPCEnvironment.cpp; path = ../../../../3dti_AudioToolkit/3dti_Toolkit/Common/UPCEnvironment.cpp; sourceTree = "<group>"; };
		AF55621521875AF3000089DB /* ClassificationScaleHL.cpp */ = {isa = PBXFileReference; lastKnownFileType = sourcecode.cpp.cpp; name = ClassificationScaleHL.cpp; path = ../../../../3dti_AudioToolkit/3dti_Toolkit/HAHLSimulation/ClassificationScaleHL.cpp; sourceTree = "<group>"; };
		AF55621621875AF4000089DB /* HearingAidSim.cpp */ = {isa = PBXFileReference; lastKnownFileType = sourcecode.cpp.cpp; name = HearingAidSim.cpp; path = ../../../../3dti_AudioToolkit/3dti_Toolkit/HAHLSimulation/HearingAidSim.cpp; sourceTree = "<group>"; };
		AF55621721875AF4000089DB /* TemporalDistortionSimulator.cpp */ = {isa = PBXFileReference; lastKnownFileType = sourcecode.cpp.cpp; name = TemporalDistortionSimulator.cpp; path = ../../../../3dti_AudioToolkit/3dti_Toolkit/HAHLSimulation/TemporalDistortionSimulator.cpp; sourceTree = "<group>"; };
		AF55621821875AF4000089DB /* Fig6Algorithm.cpp */ = {isa = PBXFileReference; lastKnownFileType = sourcecode.cpp.cpp; name = Fig6Algorithm.cpp; path = ../../../../3dti_AudioToolkit/3dti_Toolkit/HAHLSimulation/Fig6Algorithm.cpp; sourceTree = "<group>"; };
		AF55621921875AF4000089DB /* HearingLossSim.cpp */ = {isa = PBXFileReference; lastKnownFileType = sourcecode.cpp.cpp; name = HearingLossSim.cpp; path = ../../../../3dti_AudioToolkit/3dti_Toolkit/HAHLSimulation/HearingLossSim.cpp; sourceTree = "<group>"; };
		AF55621A21875AF5000089DB /* MultibandExpander.cpp */ = {isa = PBXFileReference; lastKnownFileType = sourcecode.cpp.cpp; name = MultibandExpander.cpp; path = ../../../../3dti_AudioToolkit/3dti_Toolkit/HAHLSimulation/MultibandExpander.cpp; sourceTree = "<group>"; };
		AF55621B21875AF5000089DB /* DynamicEqualizer.cpp */ = {isa = PBXFileReference; lastKnownFileType = sourcecode.cpp.cpp; name = DynamicEqualizer.cpp; path = ../../../../3dti_AudioToolkit/3dti_Toolkit/HAHLSimulation/DynamicEqualizer.cpp; sourceTree = "<group>"; };
		AF55621C21875AF5000089DB /* FrequencySmearing.cpp */ = {isa = PBXFileReference; lastKnownFileType = sourcecode.cpp.cpp; name = FrequencySmearing.cpp; path = ../../../../3dti_AudioToolkit/3dti_Toolkit/HAHLSimulation/FrequencySmearing.cpp; sourceTree = "<group>"; };
		AF55621D21875AF5000089DB /* HighOrderButteworthFilter.cpp */ = {isa = PBXFileReference; lastKnownFileType = sourcecode.cpp.cpp; name = HighOrderButteworthFilter.cpp; path = ../../../../3dti_AudioToolkit/3dti_Toolkit/HAHLSimulation/HighOrderButteworthFilter.cpp; sourceTree = "<group>"; };
		AF55622721875B4E000089DB /* RtAudio.cpp */ = {isa = PBXFileReference; lastKnownFileType = sourcecode.cpp.cpp; name = RtAudio.cpp; path = ../../../third_party_libraries/rtaudio/RtAudio.cpp; sourceTree = "<group>"; };
		AF55622821875B4E000089DB /* rtaudio_c.cpp */ = {isa = PBXFileReference; lastKnownFileType = sourcecode.cpp.cpp; name = rtaudio_c.cpp; path = ../../../third_party_libraries/rtaudio/rtaudio_c.cpp; sourceTree = "<group>"; };
		AF55622B21875B68000089DB /* BRIRCereal.cpp */ = {isa = PBXFileReference; lastKnownFileType = sourcecode.cpp.cpp; name = BRIRCereal.cpp; path = ../../../../3dti_AudioToolkit/3dti_ResourceManager/BRIR/BRIRCereal.cpp; sourceTree = "<group>"; };
		AF55622C21875B68000089DB /* BRIRFactory.cpp */ = {isa = PBXFileReference; lastKnownFileType = sourcecode.cpp.cpp; name = BRIRFactory.cpp; path = ../../../../3dti_AudioToolkit/3dti_ResourceManager/BRIR/BRIRFactory.cpp; sourceTree = "<group>"; };
		AF55622F21875BB0000089DB /* HRTFCereal.cpp */ = {isa = PBXFileReference; lastKnownFileType = sourcecode.cpp.cpp; name = HRTFCereal.cpp; path = ../../../../3dti_AudioToolkit/3dti_ResourceManager/HRTF/HRTFCereal.cpp; sourceTree = "<group>"; };
		AF55623021875BB1000089DB /* HRTFFactory.cpp */ = {isa = PBXFileReference; lastKnownFileType = sourcecode.cpp.cpp; name = HRTFFactory.cpp; path = ../../../../3dti_AudioToolkit/3dti_ResourceManager/HRTF/HRTFFactory.cpp; sourceTree = "<group>"; };
		AF55623121875BB1000089DB /* ILDCereal.cpp */ = {isa = PBXFileReference; lastKnownFileType = sourcecode.cpp.cpp; name = ILDCereal.cpp; path = ../../../../3dti_AudioToolkit/3dti_ResourceManager/ILD/ILDCereal.cpp; sourceTree = "<group>"; };
		AF55623821876BD5000089DB /* CoreAudio.framework */ = {isa = PBXFileReference; lastKnownFileType = wrapper.framework; name = CoreAudio.framework; path = System/Library/Frameworks/CoreAudio.framework; sourceTree = SDKROOT; };
		AF55623A21876BDF000089DB /* CoreFoundation.framework */ = {isa = PBXFileReference; lastKnownFileType = wrapper.framework; name = CoreFoundation.framework; path = System/Library/Frameworks/CoreFoundation.framework; sourceTree = SDKROOT; };
/* End PBXFileReference section */

/* Begin PBXFrameworksBuildPhase section */
		AF5561A021874FBF000089DB /* Frameworks */ = {
			isa = PBXFrameworksBuildPhase;
			buildActionMask = 2147483647;
			files = (
				AF55623B21876BDF000089DB /* CoreFoundation.framework in Frameworks */,
				AF55623921876BD6000089DB /* CoreAudio.framework in Frameworks */,
			);
			runOnlyForDeploymentPostprocessing = 0;
		};
/* End PBXFrameworksBuildPhase section */

/* Begin PBXGroup section */
		AF55619A21874FBF000089DB = {
			isa = PBXGroup;
			children = (
				AF55622F21875BB0000089DB /* HRTFCereal.cpp */,
				AF55623021875BB1000089DB /* HRTFFactory.cpp */,
				AF55623121875BB1000089DB /* ILDCereal.cpp */,
				AF55622B21875B68000089DB /* BRIRCereal.cpp */,
				AF55622C21875B68000089DB /* BRIRFactory.cpp */,
				AF55622821875B4E000089DB /* rtaudio_c.cpp */,
				AF55622721875B4E000089DB /* RtAudio.cpp */,
				AF55621521875AF3000089DB /* ClassificationScaleHL.cpp */,
				AF55621B21875AF5000089DB /* DynamicEqualizer.cpp */,
				AF55621821875AF4000089DB /* Fig6Algorithm.cpp */,
				AF55621C21875AF5000089DB /* FrequencySmearing.cpp */,
				AF55621621875AF4000089DB /* HearingAidSim.cpp */,
				AF55621921875AF4000089DB /* HearingLossSim.cpp */,
				AF55621D21875AF5000089DB /* HighOrderButteworthFilter.cpp */,
				AF55621A21875AF5000089DB /* MultibandExpander.cpp */,
				AF55621721875AF4000089DB /* TemporalDistortionSimulator.cpp */,
				AF5561EE21875AC2000089DB /* BiquadFilter.cpp */,
				AF5561F521875AC4000089DB /* Delay.cpp */,
				AF5561F721875AC5000089DB /* DistanceAttenuator.cpp */,
				AF5561F421875AC4000089DB /* DynamicCompressorMono.cpp */,
				AF5561F321875AC4000089DB /* DynamicCompressorStereo.cpp */,
				AF5561F121875AC3000089DB /* DynamicExpanderMono.cpp */,
				AF5561FC21875AC6000089DB /* EnvelopeDetector.cpp */,
				AF5561F621875AC4000089DB /* ErrorHandler.cpp */,
				AF5561FB21875AC6000089DB /* FarDistanceEffects.cpp */,
				AF5561F821875AC5000089DB /* fftsg.cpp */,
				AF5561ED21875AC2000089DB /* FiltersBank.cpp */,
				AF5561FD21875AC6000089DB /* FiltersChain.cpp */,
				AF5561FA21875AC5000089DB /* Fprocessor.cpp */,
				AF5561F921875AC5000089DB /* Magnitudes.cpp */,
				AF5561FE21875AC6000089DB /* NoiseGenerator.cpp */,
				AF5561F221875AC3000089DB /* Profiler.cpp */,
				AF5561EF21875AC3000089DB /* Quaternion.cpp */,
				AF5561FF21875AC7000089DB /* Transform.cpp */,
				AF55620021875AC7000089DB /* UPCEnvironment.cpp */,
				AF5561F021875AC3000089DB /* Vector3.cpp */,
				AF5561E321875A8B000089DB /* BRIR.cpp */,
				AF5561DD21875A8A000089DB /* Core.cpp */,
				AF5561DE21875A8A000089DB /* Environment.cpp */,
				AF5561E021875A8A000089DB /* HRTF.cpp */,
				AF5561E221875A8B000089DB /* ILD.cpp */,
				AF5561E421875A8B000089DB /* Listener.cpp */,
				AF5561E121875A8A000089DB /* SingleSourceDSP.cpp */,
				AF5561DF21875A8A000089DB /* UPCAnechoic.cpp */,
				AF5561B0218750B6000089DB /* Project.Debug.xcconfig */,
				AF5561AF218750B6000089DB /* Project.Release.xcconfig */,
				AF5561A521874FBF000089DB /* Example */,
				AF5561D5218755B5000089DB /* 3dti_Toolkit */,
				AF5561D42187557D000089DB /* rtaudio */,
				AF5561D6218755D0000089DB /* 3dti_ResourceManager */,
				AF5561A421874FBF000089DB /* Products */,
				AF55623721876BD5000089DB /* Frameworks */,
			);
			sourceTree = "<group>";
		};
		AF5561A421874FBF000089DB /* Products */ = {
			isa = PBXGroup;
			children = (
				AF5561A321874FBF000089DB /* Example */,
			);
			name = Products;
			sourceTree = "<group>";
		};
		AF5561A521874FBF000089DB /* Example */ = {
			isa = PBXGroup;
			children = (
				AF5561D721875883000089DB /* BasicSpatialisationRTAudio.cpp */,
				AF5561D821875884000089DB /* BasicSpatialisationRTAudio.h */,
			);
			path = Example;
			sourceTree = "<group>";
		};
		AF55623721876BD5000089DB /* Frameworks */ = {
			isa = PBXGroup;
			children = (
				AF55623A21876BDF000089DB /* CoreFoundation.framework */,
				AF55623821876BD5000089DB /* CoreAudio.framework */,
			);
			name = Frameworks;
			sourceTree = "<group>";
		};
/* End PBXGroup section */

/* Begin PBXNativeTarget section */
		AF5561A221874FBF000089DB /* Example */ = {
			isa = PBXNativeTarget;
			buildConfigurationList = AF5561AA21874FBF000089DB /* Build configuration list for PBXNativeTarget "Example" */;
			buildPhases = (
				AF55619F21874FBF000089DB /* Sources */,
				AF5561A021874FBF000089DB /* Frameworks */,
				AF556235218764FF000089DB /* CopyFiles */,
			);
			buildRules = (
			);
			dependencies = (
			);
			name = Example;
			productName = Example;
			productReference = AF5561A321874FBF000089DB /* Example */;
			productType = "com.apple.product-type.tool";
		};
/* End PBXNativeTarget section */

/* Begin PBXProject section */
		AF55619B21874FBF000089DB /* Project object */ = {
			isa = PBXProject;
			attributes = {
				LastUpgradeCheck = 0940;
				ORGANIZATIONNAME = "DianaMac ";
				TargetAttributes = {
					AF5561A221874FBF000089DB = {
						CreatedOnToolsVersion = 9.4.1;
					};
				};
			};
			buildConfigurationList = AF55619E21874FBF000089DB /* Build configuration list for PBXProject "Example" */;
			compatibilityVersion = "Xcode 9.3";
			developmentRegion = en;
			hasScannedForEncodings = 0;
			knownRegions = (
				en,
			);
			mainGroup = AF55619A21874FBF000089DB;
			productRefGroup = AF5561A421874FBF000089DB /* Products */;
			projectDirPath = "";
			projectRoot = "";
			targets = (
				AF5561A221874FBF000089DB /* Example */,
			);
		};
/* End PBXProject section */

/* Begin PBXSourcesBuildPhase section */
		AF55619F21874FBF000089DB /* Sources */ = {
			isa = PBXSourcesBuildPhase;
			buildActionMask = 2147483647;
			files = (
				AF5561D921875884000089DB /* BasicSpatialisationRTAudio.cpp in Sources */,
				AF55623221875BB1000089DB /* HRTFCereal.cpp in Sources */,
				AF55623321875BB1000089DB /* HRTFFactory.cpp in Sources */,
				AF55623421875BB1000089DB /* ILDCereal.cpp in Sources */,
				AF55622D21875B68000089DB /* BRIRCereal.cpp in Sources */,
				AF55622E21875B68000089DB /* BRIRFactory.cpp in Sources */,
				AF55622921875B4E000089DB /* RtAudio.cpp in Sources */,
				AF55622A21875B4E000089DB /* rtaudio_c.cpp in Sources */,
				AF55621E21875AF6000089DB /* ClassificationScaleHL.cpp in Sources */,
				AF55621F21875AF6000089DB /* HearingAidSim.cpp in Sources */,
				AF55622021875AF6000089DB /* TemporalDistortionSimulator.cpp in Sources */,
				AF55622121875AF6000089DB /* Fig6Algorithm.cpp in Sources */,
				AF55622221875AF6000089DB /* HearingLossSim.cpp in Sources */,
				AF55622321875AF6000089DB /* MultibandExpander.cpp in Sources */,
				AF55622421875AF6000089DB /* DynamicEqualizer.cpp in Sources */,
				AF55622521875AF6000089DB /* FrequencySmearing.cpp in Sources */,
				AF55622621875AF6000089DB /* HighOrderButteworthFilter.cpp in Sources */,
				AF5561E521875A8B000089DB /* Core.cpp in Sources */,
				AF5561E621875A8B000089DB /* Environment.cpp in Sources */,
				AF5561E721875A8B000089DB /* UPCAnechoic.cpp in Sources */,
				AF5561E821875A8B000089DB /* HRTF.cpp in Sources */,
				AF5561E921875A8B000089DB /* SingleSourceDSP.cpp in Sources */,
				AF5561EA21875A8B000089DB /* ILD.cpp in Sources */,
				AF5561EB21875A8B000089DB /* BRIR.cpp in Sources */,
				AF5561EC21875A8B000089DB /* Listener.cpp in Sources */,
				AF55620121875AC7000089DB /* FiltersBank.cpp in Sources */,
				AF55620221875AC7000089DB /* BiquadFilter.cpp in Sources */,
				AF55620321875AC7000089DB /* Quaternion.cpp in Sources */,
				AF55620421875AC7000089DB /* Vector3.cpp in Sources */,
				AF55620521875AC7000089DB /* DynamicExpanderMono.cpp in Sources */,
				AF55620621875AC7000089DB /* Profiler.cpp in Sources */,
				AF55620721875AC7000089DB /* DynamicCompressorStereo.cpp in Sources */,
				AF55620821875AC7000089DB /* DynamicCompressorMono.cpp in Sources */,
				AF55620921875AC7000089DB /* Delay.cpp in Sources */,
				AF55620A21875AC7000089DB /* ErrorHandler.cpp in Sources */,
				AF55620B21875AC7000089DB /* DistanceAttenuator.cpp in Sources */,
				AF55620C21875AC7000089DB /* fftsg.cpp in Sources */,
				AF55620D21875AC7000089DB /* Magnitudes.cpp in Sources */,
				AF55620E21875AC7000089DB /* Fprocessor.cpp in Sources */,
				AF55620F21875AC7000089DB /* FarDistanceEffects.cpp in Sources */,
				AF55621021875AC7000089DB /* EnvelopeDetector.cpp in Sources */,
				AF55621121875AC7000089DB /* FiltersChain.cpp in Sources */,
				AF55621221875AC7000089DB /* NoiseGenerator.cpp in Sources */,
				AF55621321875AC7000089DB /* Transform.cpp in Sources */,
				AF55621421875AC7000089DB /* UPCEnvironment.cpp in Sources */,
			);
			runOnlyForDeploymentPostprocessing = 0;
		};
/* End PBXSourcesBuildPhase section */

/* Begin XCBuildConfiguration section */
		AF5561A821874FBF000089DB /* Debug */ = {
			isa = XCBuildConfiguration;
			baseConfigurationReference = AF5561B0218750B6000089DB /* Project.Debug.xcconfig */;
			buildSettings = {
				ALWAYS_SEARCH_USER_PATHS = NO;
				CLANG_ANALYZER_NONNULL = YES;
				CLANG_ANALYZER_NUMBER_OBJECT_CONVERSION = YES_AGGRESSIVE;
				CLANG_CXX_LANGUAGE_STANDARD = "gnu++14";
				CLANG_CXX_LIBRARY = "libc++";
				CLANG_ENABLE_MODULES = YES;
				CLANG_ENABLE_OBJC_ARC = YES;
				CLANG_ENABLE_OBJC_WEAK = YES;
				CLANG_WARN_BLOCK_CAPTURE_AUTORELEASING = YES;
				CLANG_WARN_BOOL_CONVERSION = YES;
				CLANG_WARN_COMMA = YES;
				CLANG_WARN_CONSTANT_CONVERSION = YES;
				CLANG_WARN_DEPRECATED_OBJC_IMPLEMENTATIONS = YES;
				CLANG_WARN_DIRECT_OBJC_ISA_USAGE = YES_ERROR;
				CLANG_WARN_DOCUMENTATION_COMMENTS = YES;
				CLANG_WARN_EMPTY_BODY = YES;
				CLANG_WARN_ENUM_CONVERSION = YES;
				CLANG_WARN_INFINITE_RECURSION = YES;
				CLANG_WARN_INT_CONVERSION = YES;
				CLANG_WARN_NON_LITERAL_NULL_CONVERSION = YES;
				CLANG_WARN_OBJC_IMPLICIT_RETAIN_SELF = YES;
				CLANG_WARN_OBJC_LITERAL_CONVERSION = YES;
				CLANG_WARN_OBJC_ROOT_CLASS = YES_ERROR;
				CLANG_WARN_RANGE_LOOP_ANALYSIS = YES;
				CLANG_WARN_STRICT_PROTOTYPES = YES;
				CLANG_WARN_SUSPICIOUS_MOVE = YES;
				CLANG_WARN_UNGUARDED_AVAILABILITY = YES_AGGRESSIVE;
				CLANG_WARN_UNREACHABLE_CODE = YES;
				CLANG_WARN__DUPLICATE_METHOD_MATCH = YES;
				CODE_SIGN_IDENTITY = "-";
				COPY_PHASE_STRIP = NO;
				DEBUG_INFORMATION_FORMAT = dwarf;
				ENABLE_STRICT_OBJC_MSGSEND = YES;
				ENABLE_TESTABILITY = YES;
				GCC_C_LANGUAGE_STANDARD = gnu11;
				GCC_DYNAMIC_NO_PIC = NO;
				GCC_NO_COMMON_BLOCKS = YES;
				GCC_OPTIMIZATION_LEVEL = 0;
				GCC_PREPROCESSOR_DEFINITIONS = (
					"DEBUG=1",
					"$(inherited)",
				);
				GCC_WARN_64_TO_32_BIT_CONVERSION = YES;
				GCC_WARN_ABOUT_RETURN_TYPE = YES_ERROR;
				GCC_WARN_UNDECLARED_SELECTOR = YES;
				GCC_WARN_UNINITIALIZED_AUTOS = YES_AGGRESSIVE;
				GCC_WARN_UNUSED_FUNCTION = YES;
				GCC_WARN_UNUSED_VARIABLE = YES;
				MACOSX_DEPLOYMENT_TARGET = 10.13;
				MTL_ENABLE_DEBUG_INFO = YES;
				ONLY_ACTIVE_ARCH = YES;
				SDKROOT = macosx;
			};
			name = Debug;
		};
		AF5561A921874FBF000089DB /* Release */ = {
			isa = XCBuildConfiguration;
			baseConfigurationReference = AF5561AF218750B6000089DB /* Project.Release.xcconfig */;
			buildSettings = {
				ALWAYS_SEARCH_USER_PATHS = NO;
				CLANG_ANALYZER_NONNULL = YES;
				CLANG_ANALYZER_NUMBER_OBJECT_CONVERSION = YES_AGGRESSIVE;
				CLANG_CXX_LANGUAGE_STANDARD = "gnu++14";
				CLANG_CXX_LIBRARY = "libc++";
				CLANG_ENABLE_MODULES = YES;
				CLANG_ENABLE_OBJC_ARC = YES;
				CLANG_ENABLE_OBJC_WEAK = YES;
				CLANG_WARN_BLOCK_CAPTURE_AUTORELEASING = YES;
				CLANG_WARN_BOOL_CONVERSION = YES;
				CLANG_WARN_COMMA = YES;
				CLANG_WARN_CONSTANT_CONVERSION = YES;
				CLANG_WARN_DEPRECATED_OBJC_IMPLEMENTATIONS = YES;
				CLANG_WARN_DIRECT_OBJC_ISA_USAGE = YES_ERROR;
				CLANG_WARN_DOCUMENTATION_COMMENTS = YES;
				CLANG_WARN_EMPTY_BODY = YES;
				CLANG_WARN_ENUM_CONVERSION = YES;
				CLANG_WARN_INFINITE_RECURSION = YES;
				CLANG_WARN_INT_CONVERSION = YES;
				CLANG_WARN_NON_LITERAL_NULL_CONVERSION = YES;
				CLANG_WARN_OBJC_IMPLICIT_RETAIN_SELF = YES;
				CLANG_WARN_OBJC_LITERAL_CONVERSION = YES;
				CLANG_WARN_OBJC_ROOT_CLASS = YES_ERROR;
				CLANG_WARN_RANGE_LOOP_ANALYSIS = YES;
				CLANG_WARN_STRICT_PROTOTYPES = YES;
				CLANG_WARN_SUSPICIOUS_MOVE = YES;
				CLANG_WARN_UNGUARDED_AVAILABILITY = YES_AGGRESSIVE;
				CLANG_WARN_UNREACHABLE_CODE = YES;
				CLANG_WARN__DUPLICATE_METHOD_MATCH = YES;
				CODE_SIGN_IDENTITY = "-";
				COPY_PHASE_STRIP = NO;
				DEBUG_INFORMATION_FORMAT = "dwarf-with-dsym";
				ENABLE_NS_ASSERTIONS = NO;
				ENABLE_STRICT_OBJC_MSGSEND = YES;
				GCC_C_LANGUAGE_STANDARD = gnu11;
				GCC_NO_COMMON_BLOCKS = YES;
				GCC_WARN_64_TO_32_BIT_CONVERSION = YES;
				GCC_WARN_ABOUT_RETURN_TYPE = YES_ERROR;
				GCC_WARN_UNDECLARED_SELECTOR = YES;
				GCC_WARN_UNINITIALIZED_AUTOS = YES_AGGRESSIVE;
				GCC_WARN_UNUSED_FUNCTION = YES;
				GCC_WARN_UNUSED_VARIABLE = YES;
				MACOSX_DEPLOYMENT_TARGET = 10.13;
				MTL_ENABLE_DEBUG_INFO = NO;
				SDKROOT = macosx;
			};
			name = Release;
		};
		AF5561AB21874FBF000089DB /* Debug */ = {
			isa = XCBuildConfiguration;
			buildSettings = {
				CODE_SIGN_STYLE = Automatic;
				PRODUCT_NAME = "$(TARGET_NAME)";
			};
			name = Debug;
		};
		AF5561AC21874FBF000089DB /* Release */ = {
			isa = XCBuildConfiguration;
			buildSettings = {
				CODE_SIGN_STYLE = Automatic;
				PRODUCT_NAME = "$(TARGET_NAME)";
			};
			name = Release;
		};
/* End XCBuildConfiguration section */

/* Begin XCConfigurationList section */
		AF55619E21874FBF000089DB /* Build configuration list for PBXProject "Example" */ = {
			isa = XCConfigurationList;
			buildConfigurations = (
				AF5561A821874FBF000089DB /* Debug */,
				AF5561A921874FBF000089DB /* Release */,
			);
			defaultConfigurationIsVisible = 0;
			defaultConfigurationName = Release;
		};
		AF5561AA21874FBF000089DB /* Build configuration list for PBXNativeTarget "Example" */ = {
			isa = XCConfigurationList;
			buildConfigurations = (
				AF5561AB21874FBF000089DB /* Debug */,
				AF5561AC21874FBF000089DB /* Release */,
			);
			defaultConfigurationIsVisible = 0;
			defaultConfigurationName = Release;
		};
/* End XCConfigurationList section */
	};
	rootObject = AF55619B21874FBF000089DB /* Project object */;
}
